{
  "projects": [
    {
      "projectId": "58GpZjZCWTaJ8AUhpCwt2K",
      "version": "3.34.0",
      "dependencies": {},
      "lang": "ts",
      "fileLocks": [
        {
          "assetId": "58GpZjZCWTaJ8AUhpCwt2K",
          "type": "projectCss",
          "checksum": "d6a3b1c76c10d347b435bd78a56a821e"
        },
        {
          "assetId": "58GpZjZCWTaJ8AUhpCwt2K",
          "checksum": "ba5a227fa7f7d5c086cc9a3f0cebe732",
          "type": "projectModule"
        },
        {
          "assetId": "58GpZjZCWTaJ8AUhpCwt2K",
          "checksum": "74bbedee53a0fa2c23fc0629b2e05e1e",
          "type": "styleTokensProvider"
        }
      ],
      "codegenVersion": "0.0.2"
    },
    {
      "projectId": "7nJ7UcFmq9UzB6eXfC5z4a",
      "version": "0.37.0",
      "dependencies": {},
      "lang": "ts",
      "fileLocks": [
        {
          "assetId": "7nJ7UcFmq9UzB6eXfC5z4a",
          "type": "projectCss",
          "checksum": "20d5916eb5143297f22e98d05d487965"
        },
        {
          "assetId": "7nJ7UcFmq9UzB6eXfC5z4a",
          "checksum": "7163d6064a75eb61d5378e18a09f8af8",
          "type": "projectModule"
        },
        {
          "assetId": "7nJ7UcFmq9UzB6eXfC5z4a",
          "checksum": "43b052cda8e90b3d577910760dbc4d71",
          "type": "styleTokensProvider"
        }
      ],
      "codegenVersion": "0.0.2"
    },
    {
      "projectId": "eDF77JsGistQwyReSVJoYU",
      "version": "latest",
      "dependencies": {
        "7nJ7UcFmq9UzB6eXfC5z4a": "0.37.0",
        "58GpZjZCWTaJ8AUhpCwt2K": "3.34.0"
      },
      "lang": "ts",
      "fileLocks": [
        {
          "type": "globalVariant",
          "assetId": "9NbJW1WiSNpx",
          "checksum": "c2141a85c3c355003c08f28a45eab0af"
        },
        {
          "assetId": "eDF77JsGistQwyReSVJoYU",
          "type": "projectCss",
          "checksum": "b40cd2f55d1411aaf39c1a6f4e65b40b"
        },
        {
          "assetId": "eDF77JsGistQwyReSVJoYU",
          "checksum": "184a9795b099b5d24ff521863e626762",
          "type": "projectModule"
        },
        {
          "assetId": "eDF77JsGistQwyReSVJoYU",
          "checksum": "4e40a6530a524dee9eb1262b778ff341",
          "type": "styleTokensProvider"
        },
        {
          "type": "renderModule",
          "assetId": "HLjtwDZMSb0J",
          "checksum": "b99dfd3561241da4b46609b949b9fd3a"
        },
        {
          "type": "cssRules",
          "assetId": "HLjtwDZMSb0J",
          "checksum": "b99dfd3561241da4b46609b949b9fd3a"
        },
        {
          "type": "renderModule",
          "assetId": "PhJs3kDuQk0T",
          "checksum": "1eba2f9f44978ee72f7572e3d5682266"
        },
        {
          "type": "cssRules",
          "assetId": "PhJs3kDuQk0T",
          "checksum": "1eba2f9f44978ee72f7572e3d5682266"
        },
        {
          "type": "renderModule",
          "assetId": "gOo-akjC37ZL",
          "checksum": "2531af70f82624f90abee57245579525"
        },
        {
          "type": "cssRules",
          "assetId": "gOo-akjC37ZL",
          "checksum": "2531af70f82624f90abee57245579525"
        },
        {
          "type": "renderModule",
          "assetId": "JFXSBKBdjZtf",
          "checksum": "86ba770df29574f70cb61fc676e99b65"
        },
        {
          "type": "cssRules",
          "assetId": "JFXSBKBdjZtf",
          "checksum": "86ba770df29574f70cb61fc676e99b65"
        },
        {
          "type": "renderModule",
          "assetId": "VfRM4IM3Dwl1",
          "checksum": "5d8565c128fa4210846be53927da3523"
        },
        {
          "type": "cssRules",
          "assetId": "VfRM4IM3Dwl1",
          "checksum": "5d8565c128fa4210846be53927da3523"
        },
        {
          "type": "renderModule",
          "assetId": "E1vosRstJvV3",
          "checksum": "fc4b502d61e3a8ba4ca2030f0cd34a5d"
        },
        {
          "type": "cssRules",
          "assetId": "E1vosRstJvV3",
          "checksum": "fc4b502d61e3a8ba4ca2030f0cd34a5d"
        },
        {
          "type": "renderModule",
          "assetId": "pNVqC8sPYPKd",
          "checksum": "93ebda4d01da16e8835f5e986a68822f"
        },
        {
          "type": "cssRules",
          "assetId": "pNVqC8sPYPKd",
          "checksum": "93ebda4d01da16e8835f5e986a68822f"
        },
        {
          "type": "renderModule",
          "assetId": "36_FkFAX2UkQ",
          "checksum": "62227146309d62aecbf09e3b2256a68f"
        },
        {
          "type": "cssRules",
          "assetId": "36_FkFAX2UkQ",
          "checksum": "62227146309d62aecbf09e3b2256a68f"
        },
        {
          "type": "renderModule",
          "assetId": "KS3sbXXB5R5J",
          "checksum": "e7f7660e845488f12c571e1cabc473b7"
        },
        {
          "type": "cssRules",
          "assetId": "KS3sbXXB5R5J",
          "checksum": "e7f7660e845488f12c571e1cabc473b7"
        },
        {
          "type": "renderModule",
          "assetId": "bhAoNYjum3Qf",
          "checksum": "ffb837997db7ce5ea53ba58653bf9293"
        },
        {
          "type": "cssRules",
          "assetId": "bhAoNYjum3Qf",
          "checksum": "ffb837997db7ce5ea53ba58653bf9293"
        },
        {
          "type": "icon",
          "assetId": "X1eJWv3JzwHi",
          "checksum": "3a289472c8150c137825afbdeab2800a"
        },
        {
          "type": "icon",
          "assetId": "GVH1qFhOO2X5",
          "checksum": "2b5ee56c20b2e57ef0be50c1b4818190"
        },
        {
          "type": "icon",
          "assetId": "5jbiXn5Z-Nhg",
          "checksum": "a62ca7ab0a7f746315b50353e778ccc0"
        },
        {
          "type": "icon",
          "assetId": "iCVMWlcfnlrA",
          "checksum": "68b576ba4c8deb080f48a7be87489aa0"
        },
        {
          "type": "icon",
          "assetId": "kojd0O06ciHd",
          "checksum": "37f797e44a67de5883f7a9b2fde9a5a9"
        },
        {
          "type": "icon",
          "assetId": "HsxoFbAhxFl6",
          "checksum": "ef9dd8c94210ea54e3efbc0831b97f65"
        },
        {
          "type": "icon",
          "assetId": "LH3W1nqPn-b8",
          "checksum": "1ccb803e72bd12b2ff300a2a33863ee1"
        },
        {
          "type": "icon",
          "assetId": "VfeaD2i24mg4",
          "checksum": "31aaf84b716e2baed51546104344a0ea"
        },
        {
          "type": "icon",
          "assetId": "g1cj7epBlS0v",
          "checksum": "98b774539b1b32971e4533d7bc8f66a7"
        },
        {
          "type": "icon",
          "assetId": "MGYJziyFyYro",
          "checksum": "db304dd5b61e2ee972a99594b8d913da"
        },
        {
          "type": "image",
          "assetId": "5dsRnM_E4OsD",
          "checksum": "2dbf4583b2cabb85b777d2f1b8c12ca5"
        },
        {
          "type": "image",
          "assetId": "DVKXmODSTQEx",
          "checksum": "8d332342e144c1af32934ad01efda6f1"
        },
        {
          "type": "image",
          "assetId": "0ldOmTIposZr",
          "checksum": "aaea5fe230055db71fe06becbc686437"
        },
        {
          "type": "image",
          "assetId": "UAKdzc4pAbWD",
          "checksum": "18f8c805be2b45c4d15a19a971c49518"
        },
        {
          "type": "image",
          "assetId": "InVWAPN4o6yS",
          "checksum": "0519a9d1c1b8818c7405542e39f86f1a"
        },
        {
          "type": "image",
          "assetId": "3uTJxJESf2f8",
          "checksum": "b0a9a6cbcdf0369fdebaec765bd2fd46"
        },
        {
          "type": "image",
          "assetId": "hg3q0FgI5Fgb",
          "checksum": "967abb6951e02fb1b6779917d4aaaa7f"
        },
        {
          "type": "image",
          "assetId": "jyzLWDLLwWtC",
          "checksum": "5c82c2c7157f5bef23db13a660eaa0a2"
        },
        {
          "type": "image",
          "assetId": "pdC2cTIB0z6v",
          "checksum": "3766a293e504a2a52cdf9b01d48319fb"
        },
        {
          "type": "image",
          "assetId": "xC1plB82crZt",
          "checksum": "2e97a52885a587724a9070ae51064856"
        },
        {
          "type": "image",
          "assetId": "lk7tTaBcP7Y4",
          "checksum": "5d086b3d0d9902a57946b82ca5bb7b9a"
        },
        {
          "type": "image",
          "assetId": "75oj4JT76b8v",
          "checksum": "aceaa797c87df8bc39484696f789ca60"
        },
        {
          "type": "image",
          "assetId": "6ONBRH-tA_r5",
          "checksum": "4d417104a9ed09ad529662f65d0a76a3"
        },
        {
          "type": "image",
          "assetId": "EeEFdyhI0_24",
          "checksum": "cb4e945a848c3e25349442ad696fd531"
        },
        {
          "type": "image",
          "assetId": "_WquEt7OQ9_s",
          "checksum": "c112e3e3c4e236a0364403c199d52c58"
        },
        {
          "type": "image",
          "assetId": "HVAC3G3OaafC",
          "checksum": "4cd7f7866729926cf6956079ad2c48f3"
        },
        {
          "type": "image",
          "assetId": "iCDIX72c3hDk",
          "checksum": "c36da9356f8d62d86ee596cfc05d4e3a"
        },
        {
          "type": "image",
          "assetId": "IKKiFOW6KwB9",
          "checksum": "02231fb2ee71c2c60e9529388ab4c537"
        },
        {
          "type": "image",
          "assetId": "ThZxdujmpnHr",
          "checksum": "b35e543ba6c5e12e111adeaeddda0ac5"
        },
        {
          "type": "image",
          "assetId": "6TYt_pgB3C9X",
          "checksum": "0ee5906e18a6e2bbaa31a4c3c524488e"
        },
        {
          "type": "image",
          "assetId": "3Hc9IW0NnwRQ",
          "checksum": "f72a312d3f2eef16f5dacda44a50f98e"
        },
        {
          "type": "image",
          "assetId": "8dfE_L-zIQ8p",
          "checksum": "b91b8cca565c40e35fbeaefe292db91e"
        },
        {
          "type": "image",
          "assetId": "RaXEv2Jf-tod",
          "checksum": "6d91a850ad7f968274f252f45e26cebf"
        },
        {
          "type": "image",
          "assetId": "e44SkMuym8kX",
          "checksum": "158bfc6ddde4f4d921ec6a0c97d79778"
        },
        {
          "type": "image",
          "assetId": "oMTWr63QxCKC",
          "checksum": "b896fc82fea9525a224ba2b8a7d779cc"
        },
        {
          "type": "image",
          "assetId": "NRbdi7iQOKTQ",
          "checksum": "f664341f0decf70443547ce54c332d2d"
        },
        {
          "type": "image",
          "assetId": "z1WlfxxxZg5B",
          "checksum": "987ceffb5fe0ec03bef782a63478692b"
        },
        {
          "type": "image",
          "assetId": "O48LTV3FNX8i",
          "checksum": "645b0d216e221d007b0aac9e93503764"
        },
        {
          "type": "image",
          "assetId": "4bjU_rsfWLYO",
          "checksum": "16b44d048e2e7518a4d23eb20e8d56a0"
        },
        {
          "type": "image",
          "assetId": "j1E62J6CLj8V",
          "checksum": "5a46a4cc593bd232ed8315d8ba1e27bf"
        },
        {
          "type": "image",
          "assetId": "QIcozrJyGOhu",
          "checksum": "fa2a66343718ddf3e6421b107b925352"
        },
        {
          "type": "image",
          "assetId": "2ZzXl3D2QV4e",
          "checksum": "ec0dd4d228b2ac3dde92bb88af2cc242"
        },
        {
          "type": "image",
          "assetId": "dBLIexd5WII2",
          "checksum": "23f84c9ae201cc2266967444f705410e"
        },
        {
          "type": "image",
          "assetId": "FE4jD4PSTE9s",
          "checksum": "2d4c30b31e37749e02f4d5a7e2b7d450"
        },
        {
          "type": "image",
          "assetId": "UzJW8ofGbi2n",
          "checksum": "87714121eaa55365f1d6ea16a959a282"
        },
        {
          "type": "image",
          "assetId": "eGYvfnHbrOGZ",
          "checksum": "3228b1ce62cbf553678b3cdf0e12f5c2"
        },
        {
          "type": "image",
          "assetId": "wDhE5iKJyDh9",
          "checksum": "6ac3a59f5a70566e6b2e32bb1759aecd"
        },
        {
          "type": "image",
          "assetId": "CUm_GG0sbOhr",
          "checksum": "fbab66ed207e0d652d2240f93f91cb7f"
        },
        {
          "type": "image",
          "assetId": "AdK7-6kokA6T",
          "checksum": "d23f951c0147e1f3138e1b9544258ed7"
        },
        {
          "type": "image",
          "assetId": "PU17twKBiF_d",
          "checksum": "3b103df02a52023619a909ce29589aee"
        },
        {
          "type": "image",
          "assetId": "Epr6hTNoCL2V",
          "checksum": "b6da6315ceb54eb86e6f06732ea5193c"
        },
        {
          "type": "image",
          "assetId": "lG_sGYJA7o6J",
          "checksum": "14f340b959b2704a4f16d23e6a756cb1"
        },
        {
          "type": "image",
          "assetId": "IemkPpFiEq36",
          "checksum": "20b187470e4c7cb5a07a96824853e6c5"
        },
        {
          "type": "image",
          "assetId": "iKoNrt6btG3L",
          "checksum": "8c0419ee7050d733f537634028f63ed8"
        }
      ],
      "codegenVersion": "0.0.2"
    }
  ],
  "cliVersion": "0.1.343"
}
